{
  "nodes": {
    "agenix": {
      "inputs": {
        "darwin": "darwin",
        "home-manager": "home-manager",
        "nixpkgs": "nixpkgs",
        "systems": "systems"
      },
      "locked": {
        "lastModified": 1770165109,
        "narHash": "sha256-9VnK6Oqai65puVJ4WYtCTvlJeXxMzAp/69HhQuTdl/I=",
        "owner": "ryantm",
        "repo": "agenix",
        "rev": "b027ee29d959fda4b60b57566d64c98a202e0feb",
        "type": "github"
      },
      "original": {
        "owner": "ryantm",
        "repo": "agenix",
        "type": "github"
      }
    },
    "agent-skills": {
      "inputs": {
        "home-manager": [
          "home-manager"
        ],
        "nixpkgs": [
          "nixpkgs"
        ]
      },
      "locked": {
        "lastModified": 1785147662,
        "narHash": "sha256-EsFpoWBgQ55s4EOpbDDkN5YmgSED2CDMm1Yl7cHtKcY=",
        "owner": "Kyure-A",
        "repo": "agent-skills-nix",
        "rev": "1843a76fa0c66b8886ac272925aca5ec27195950",
        "type": "github"
      },
      "original": {
        "owner": "Kyure-A",
        "repo": "agent-skills-nix",
        "type": "github"
      }
    },
    "anthropic-skills": {
      "flake": false,
      "locked": {
        "lastModified": 1784923954,
        "narHash": "sha256-RH2B03gj4kzw1j5LORezgUZPPu8mW+mWb+Kl2U7WUbY=",
        "owner": "anthropics",
        "repo": "skills",
        "rev": "b29e7cf65e5cb78a5ac33d582270551bc74a14eb",
        "type": "github"
      },
      "original": {
        "owner": "anthropics",
        "repo": "skills",
        "type": "github"
      }
    },
    "brew-src": {
      "flake": false,
      "locked": {
        "lastModified": 1784558651,
        "narHash": "sha256-woXJ1ATKpSYRWCy46TQJjmm9XzAeZVEZw9xDfVG9NYI=",
        "owner": "Homebrew",
        "repo": "brew",
        "rev": "b48c7994b5f0eed7bef532efa63cb4e4f763887a",
        "type": "github"
      },
      "original": {
        "owner": "Homebrew",
        "ref": "6.0.12",
        "repo": "brew",
        "type": "github"
      }
    },
    "darwin": {
      "inputs": {
        "nixpkgs": [
          "agenix",
          "nixpkgs"
        ]
      },
      "locked": {
        "lastModified": 1744478979,
        "narHash": "sha256-dyN+teG9G82G+m+PX/aSAagkC+vUv0SgUw3XkPhQodQ=",
        "owner": "lnl7",
        "repo": "nix-darwin",
        "rev": "43975d782b418ebf4969e9ccba82466728c2851b",
        "type": "github"
      },
      "original": {
        "owner": "lnl7",
        "ref": "master",
        "repo": "nix-darwin",
        "type": "github"
      }
    },
    "darwin_2": {
      "inputs": {
        "nixpkgs": [
          "nixpkgs"
        ]
      },
      "locked": {
        "lastModified": 1783744694,
        "narHash": "sha256-2cp6N3rrwnGYLTx9l6N+NI+kwrCWxvJUbj5WJhvB29A=",
        "owner": "LnL7",
        "repo": "nix-darwin",
        "rev": "c3e90c89649b07d1a96e4b9dd6cd0d6e44b91a74",
        "type": "github"
      },
      "original": {
        "owner": "LnL7",
        "ref": "nix-darwin-26.05",
        "repo": "nix-darwin",
        "type": "github"
      }
    },
    "deploy-rs": {
      "inputs": {
        "flake-compat": "flake-compat",
        "nixpkgs": [
          "nixpkgs"
        ],
        "utils": "utils"
      },
      "locked": {
        "lastModified": 1785448994,
        "narHash": "sha256-pD8rBn57pNLOnWCz07D2HLzVE/DUFuuh0bzdEhc/dkw=",
        "owner": "serokell",
        "repo": "deploy-rs",
        "rev": "145da05e26235784581a31ba83beb9949b24da84",
        "type": "github"
      },
      "original": {
        "owner": "serokell",
        "repo": "deploy-rs",
        "type": "github"
      }
    },
    "disko": {
      "inputs": {
        "nixpkgs": [
          "nixpkgs"
        ]
      },
      "locked": {
        "lastModified": 1768920986,
        "narHash": "sha256-CNzzBsRhq7gg4BMBuTDObiWDH/rFYHEuDRVOwCcwXw4=",
        "owner": "nix-community",
        "repo": "disko",
        "rev": "de5708739256238fb912c62f03988815db89ec9a",
        "type": "github"
      },
      "original": {
        "owner": "nix-community",
        "ref": "latest",
        "repo": "disko",
        "type": "github"
      }
    },
    "flake-compat": {
      "flake": false,
      "locked": {
        "lastModified": 1733328505,
        "narHash": "sha256-NeCCThCEP3eCl2l/+27kNNK7QrwZB1IJCrXfrbv5oqU=",
        "owner": "edolstra",
        "repo": "flake-compat",
        "rev": "ff81ac966bb2cae68946d5ed5fc4994f96d0ffec",
        "type": "github"
      },
      "original": {
        "owner": "edolstra",
        "repo": "flake-compat",
        "type": "github"
      }
    },
    "gustavclausen-skills": {
      "flake": false,
      "locked": {
        "lastModified": 1780340517,
        "narHash": "sha256-+NQ10qbNVrLxSbNtGTeUCealDluD0KPLHmJE4z7xv6c=",
        "owner": "gustavclausen",
        "repo": "skills",
        "rev": "7d4506965476edb0f5ef743a5e247f77079d7e56",
        "type": "github"
      },
      "original": {
        "owner": "gustavclausen",
        "repo": "skills",
        "type": "github"
      }
    },
    "home-manager": {
      "inputs": {
        "nixpkgs": [
          "agenix",
          "nixpkgs"
        ]
      },
      "locked": {
        "lastModified": 1745494811,
        "narHash": "sha256-YZCh2o9Ua1n9uCvrvi5pRxtuVNml8X2a03qIFfRKpFs=",
        "owner": "nix-community",
        "repo": "home-manager",
        "rev": "abfad3d2958c9e6300a883bd443512c55dfeb1be",
        "type": "github"
      },
      "original": {
        "owner": "nix-community",
        "repo": "home-manager",
        "type": "github"
      }
    },
    "home-manager_2": {
      "inputs": {
        "nixpkgs": [
          "nixpkgs"
        ]
      },
      "locked": {
        "lastModified": 1785119570,
        "narHash": "sha256-Rgs2xKnGLFWQscxUaXX07oyZeuMDOHEbqDOsgliLFGM=",
        "owner": "nix-community",
        "repo": "home-manager",
        "rev": "d4fd24667c8cbef124bb70a20380cab75ec8474d",
        "type": "github"
      },
      "original": {
        "owner": "nix-community",
        "ref": "release-26.05",
        "repo": "home-manager",
        "type": "github"
      }
    },
    "homebrew-bundle": {
      "flake": false,
      "locked": {
        "lastModified": 1745335228,
        "narHash": "sha256-TIKR2UgtyUmHLNZp255/vLs+1I10hXe+sciMEbAGFwE=",
        "owner": "homebrew",
        "repo": "homebrew-bundle",
        "rev": "a3265c84b232e13048ecbf6fc18a2eedfadbeb08",
        "type": "github"
      },
      "original": {
        "owner": "homebrew",
        "repo": "homebrew-bundle",
        "type": "github"
      }
    },
    "homebrew-cask": {
      "flake": false,
      "locked": {
        "lastModified": 1785510264,
        "narHash": "sha256-FsaLMiifIVJ+5KdslekZDz1W4lsQHtoT22WYsQjkqZY=",
        "owner": "homebrew",
        "repo": "homebrew-cask",
        "rev": "4326e777cfcd18bfd6e2053ba0e80049bd0219c0",
        "type": "github"
      },
      "original": {
        "owner": "homebrew",
        "repo": "homebrew-cask",
        "type": "github"
      }
    },
    "homebrew-core": {
      "flake": false,
      "locked": {
        "lastModified": 1785511514,
        "narHash": "sha256-ckUr3Rz5NpBrSnxDZfukEPZkR7bXkv123Mgf38ybmJw=",
        "owner": "homebrew",
        "repo": "homebrew-core",
        "rev": "688bf02136f891d1f3066cd69d593a7004c6182e",
        "type": "github"
      },
      "original": {
        "owner": "homebrew",
        "repo": "homebrew-core",
        "type": "github"
      }
    },
    "jeffallan-skills": {
      "flake": false,
      "locked": {
        "lastModified": 1779284027,
        "narHash": "sha256-uvMrO8E2DkWMEqcE3zJ45+BNkZEtO7ZlV7yNrz3O5Jk=",
        "owner": "Jeffallan",
        "repo": "claude-skills",
        "rev": "e8be415bc94d8d6ebddc2fb50e5d03c6e27d4319",
        "type": "github"
      },
      "original": {
        "owner": "Jeffallan",
        "repo": "claude-skills",
        "type": "github"
      }
    },
    "minimal-tmux": {
      "inputs": {
        "nixpkgs": [
          "nixpkgs"
        ]
      },
      "locked": {
        "lastModified": 1783536435,
        "narHash": "sha256-O5pESDP8kG9XWb6j1/nXhZvFJnXkH22mSl+Ubtuo2l8=",
        "owner": "niksingh710",
        "repo": "minimal-tmux-status",
        "rev": "fa0d24c9454b831b5f482aae01464d4ccd0292dc",
        "type": "github"
      },
      "original": {
        "owner": "niksingh710",
        "repo": "minimal-tmux-status",
        "type": "github"
      }
    },
    "nix-homebrew": {
      "inputs": {
        "brew-src": "brew-src"
      },
      "locked": {
        "lastModified": 1784906761,
        "narHash": "sha256-2v0H8+Ert+xbm0oliHblXTPPczuKiibBUBvRax59kxg=",
        "owner": "zhaofengli",
        "repo": "nix-homebrew",
        "rev": "60623ec512406261f553d24033c8a0c53fd0b7f2",
        "type": "github"
      },
      "original": {
        "owner": "zhaofengli",
        "repo": "nix-homebrew",
        "type": "github"
      }
    },
    "nixpkgs": {
      "locked": {
        "lastModified": 1754028485,
        "narHash": "sha256-IiiXB3BDTi6UqzAZcf2S797hWEPCRZOwyNThJIYhUfk=",
        "owner": "NixOS",
        "repo": "nixpkgs",
        "rev": "59e69648d345d6e8fef86158c555730fa12af9de",
        "type": "github"
      },
      "original": {
        "owner": "NixOS",
        "ref": "nixos-25.05",
        "repo": "nixpkgs",
        "type": "github"
      }
    },
    "nixpkgs-unstable": {
      "locked": {
        "lastModified": 1785454630,
        "narHash": "sha256-LQy14TZp77TwbQf40gg1V3jo8FwJG0jGDkAH+zRHqg8=",
        "owner": "nixos",
        "repo": "nixpkgs",
        "rev": "1559d3daa3ecc813a650b79375ea61b6741b8746",
        "type": "github"
      },
      "original": {
        "owner": "nixos",
        "ref": "nixos-unstable",
        "repo": "nixpkgs",
        "type": "github"
      }
    },
    "nixpkgs_2": {
      "locked": {
        "lastModified": 1785386831,
        "narHash": "sha256-sPS3CaXH8RAT3FZRuy4VcV47iuYIWMMfa0GbyJKC3o4=",
        "owner": "nixos",
        "repo": "nixpkgs",
        "rev": "21ea275a7c46aef9d4d6ddc962e6d562e9d94183",
        "type": "github"
      },
      "original": {
        "owner": "nixos",
        "ref": "nixos-26.05",
        "repo": "nixpkgs",
        "type": "github"
      }
    },
    "root": {
      "inputs": {
        "agenix": "agenix",
        "agent-skills": "agent-skills",
        "anthropic-skills": "anthropic-skills",
        "darwin": "darwin_2",
        "deploy-rs": "deploy-rs",
        "disko": "disko",
        "gustavclausen-skills": "gustavclausen-skills",
        "home-manager": "home-manager_2",
        "homebrew-bundle": "homebrew-bundle",
        "homebrew-cask": "homebrew-cask",
        "homebrew-core": "homebrew-core",
        "jeffallan-skills": "jeffallan-skills",
        "minimal-tmux": "minimal-tmux",
        "nix-homebrew": "nix-homebrew",
        "nixpkgs": "nixpkgs_2",
        "nixpkgs-unstable": "nixpkgs-unstable",
        "secrets": "secrets",
        "shadcn-ui": "shadcn-ui",
        "supabase-skills": "supabase-skills",
        "superpowers": "superpowers"
      }
    },
    "secrets": {
      "flake": false,
      "locked": {
        "lastModified": 1779611490,
        "narHash": "sha256-yKvObeJq0FqSVwiP1egDTgdqsBVrEnN5Jdih/aX7Hhw=",
        "owner": "gustavclausen",
        "repo": "nix-secrets",
        "rev": "2e920f3a798f8864626d1963df956988f4de3f0b",
        "type": "github"
      },
      "original": {
        "owner": "gustavclausen",
        "repo": "nix-secrets",
        "type": "github"
      }
    },
    "shadcn-ui": {
      "flake": false,
      "locked": {
        "lastModified": 1785506254,
        "narHash": "sha256-2My50bYvPeeYzA/YdGssnuXS+4r/dZ/PKMPnto55sw0=",
        "owner": "shadcn-ui",
        "repo": "ui",
        "rev": "cb2bcd88d93b2f9bddb030e9136f1f8773e7eac4",
        "type": "github"
      },
      "original": {
        "owner": "shadcn-ui",
        "repo": "ui",
        "type": "github"
      }
    },
    "supabase-skills": {
      "flake": false,
      "locked": {
        "lastModified": 1785412368,
        "narHash": "sha256-edBntq21pnKqc7IRfSakhGHzTtf59ys/yeIneSlsWVM=",
        "owner": "supabase",
        "repo": "agent-skills",
        "rev": "1207767388a0ffb55f21fb4e6988fee96942431d",
        "type": "github"
      },
      "original": {
        "owner": "supabase",
        "repo": "agent-skills",
        "type": "github"
      }
    },
    "superpowers": {
      "flake": false,
      "locked": {
        "lastModified": 1785266736,
        "narHash": "sha256-fnl+HbPL2qD5Zgz8a1NctjFJSqu6UsyHJAhQMLQNXXc=",
        "owner": "obra",
        "repo": "superpowers",
        "rev": "44c9b2d6e889982ac18c27d05a19fefe335194e1",
        "type": "github"
      },
      "original": {
        "owner": "obra",
        "repo": "superpowers",
        "type": "github"
      }
    },
    "systems": {
      "locked": {
        "lastModified": 1681028828,
        "narHash": "sha256-Vy1rq5AaRuLzOxct8nz4T6wlgyUR7zLU309k9mBC768=",
        "owner": "nix-systems",
        "repo": "default",
        "rev": "da67096a3b9bf56a91d16901293e51ba5b49a27e",
        "type": "github"
      },
      "original": {
        "owner": "nix-systems",
        "repo": "default",
        "type": "github"
      }
    },
    "systems_2": {
      "locked": {
        "lastModified": 1681028828,
        "narHash": "sha256-Vy1rq5AaRuLzOxct8nz4T6wlgyUR7zLU309k9mBC768=",
        "owner": "nix-systems",
        "repo": "default",
        "rev": "da67096a3b9bf56a91d16901293e51ba5b49a27e",
        "type": "github"
      },
      "original": {
        "owner": "nix-systems",
        "repo": "default",
        "type": "github"
      }
    },
    "utils": {
      "inputs": {
        "systems": "systems_2"
      },
      "locked": {
        "lastModified": 1731533236,
        "narHash": "sha256-l0KFg5HjrsfsO/JpG+r7fRrqm12kzFHyUHqHCVpMMbI=",
        "owner": "numtide",
        "repo": "flake-utils",
        "rev": "11707dc2f618dd54ca8739b309ec4fc024de578b",
        "type": "github"
      },
      "original": {
        "owner": "numtide",
        "repo": "flake-utils",
        "type": "github"
      }
    }
  },
  "root": "root",
  "version": 7
}
